{
  "name": "capstone",
  "lockfileVersion": 3,
  "requires": true,
  "packages": {
    "": {
      "dependencies": {
        "gsap": "^3.12.1",
        "three": "^0.153.0"
      }
    },
    "node_modules/gsap": {
      "version": "3.12.1",
      "resolved": "https://registry.npmjs.org/gsap/-/gsap-3.12.1.tgz",
      "integrity": "sha512-FXtb2YbBE9l8I9Pl5DFLpCMedaiMPztRlr0Ln0CMSnJn+pbTaeKlzgth8cLNPc7PzNwIZe+SEQiBBAWaBKJdVA=="
    },
    "node_modules/three": {
      "version": "0.153.0",
      "resolved": "https://registry.npmjs.org/three/-/three-0.153.0.tgz",
      "integrity": "sha512-OCP2/uQR6GcDpSLnJt/3a4mdS0kNWcbfUXIwLoEMgLzEUIVIYsSDwskpmOii/AkDM+BBwrl6+CKgrjX9+E2aWg=="
    }
  }
}
